
Microsoft Visual Studio Solution File, Format Version 12.00
# Visual Studio Version 16
VisualStudioVersion = 16.6.30114.105
MinimumVisualStudioVersion = 10.0.40219.1
Project("{FAE04EC0-301F-11D3-BF4B-00C04F79EFBC}") = "Application", "Application\Application.csproj", "{3A48BED9-2D98-4CF0-866F-8FF8BE0D657C}"
EndProject
Project("{FAE04EC0-301F-11D3-BF4B-00C04F79EFBC}") = "Domain", "Domain\Domain.csproj", "{CDA1BFEA-8C4E-43E1-8D04-D398F239F867}"
EndProject
Project("{FAE04EC0-301F-11D3-BF4B-00C04F79EFBC}") = "MarsRover", "MarsRover\MarsRover.csproj", "{B856536C-56EC-4B51-B4EA-117646484612}"
EndProject
Global
	GlobalSection(SolutionConfigurationPlatforms) = preSolution
		Debug|Any CPU = Debug|Any CPU
		Debug|x64 = Debug|x64
		Debug|x86 = Debug|x86
		Release|Any CPU = Release|Any CPU
		Release|x64 = Release|x64
		Release|x86 = Release|x86
	EndGlobalSection
	GlobalSection(SolutionProperties) = preSolution
		HideSolutionNode = FALSE
	EndGlobalSection
	GlobalSection(ProjectConfigurationPlatforms) = postSolution
		{3A48BED9-2D98-4CF0-866F-8FF8BE0D657C}.Debug|Any CPU.ActiveCfg = Debug|Any CPU
		{3A48BED9-2D98-4CF0-866F-8FF8BE0D657C}.Debug|Any CPU.Build.0 = Debug|Any CPU
		{3A48BED9-2D98-4CF0-866F-8FF8BE0D657C}.Debug|x64.ActiveCfg = Debug|Any CPU
		{3A48BED9-2D98-4CF0-866F-8FF8BE0D657C}.Debug|x64.Build.0 = Debug|Any CPU
		{3A48BED9-2D98-4CF0-866F-8FF8BE0D657C}.Debug|x86.ActiveCfg = Debug|Any CPU
		{3A48BED9-2D98-4CF0-866F-8FF8BE0D657C}.Debug|x86.Build.0 = Debug|Any CPU
		{3A48BED9-2D98-4CF0-866F-8FF8BE0D657C}.Release|Any CPU.ActiveCfg = Release|Any CPU
		{3A48BED9-2D98-4CF0-866F-8FF8BE0D657C}.Release|Any CPU.Build.0 = Release|Any CPU
		{3A48BED9-2D98-4CF0-866F-8FF8BE0D657C}.Release|x64.ActiveCfg = Release|Any CPU
		{3A48BED9-2D98-4CF0-866F-8FF8BE0D657C}.Release|x64.Build.0 = Release|Any CPU
		{3A48BED9-2D98-4CF0-866F-8FF8BE0D657C}.Release|x86.ActiveCfg = Release|Any CPU
		{3A48BED9-2D98-4CF0-866F-8FF8BE0D657C}.Release|x86.Build.0 = Release|Any CPU
		{CDA1BFEA-8C4E-43E1-8D04-D398F239F867}.Debug|Any CPU.ActiveCfg = Debug|Any CPU
		{CDA1BFEA-8C4E-43E1-8D04-D398F239F867}.Debug|Any CPU.Build.0 = Debug|Any CPU
		{CDA1BFEA-8C4E-43E1-8D04-D398F239F867}.Debug|x64.ActiveCfg = Debug|Any CPU
		{CDA1BFEA-8C4E-43E1-8D04-D398F239F867}.Debug|x64.Build.0 = Debug|Any CPU
		{CDA1BFEA-8C4E-43E1-8D04-D398F239F867}.Debug|x86.ActiveCfg = Debug|Any CPU
		{CDA1BFEA-8C4E-43E1-8D04-D398F239F867}.Debug|x86.Build.0 = Debug|Any CPU
		{CDA1BFEA-8C4E-43E1-8D04-D398F239F867}.Release|Any CPU.ActiveCfg = Release|Any CPU
		{CDA1BFEA-8C4E-43E1-8D04-D398F239F867}.Release|Any CPU.Build.0 = Release|Any CPU
		{CDA1BFEA-8C4E-43E1-8D04-D398F239F867}.Release|x64.ActiveCfg = Release|Any CPU
		{CDA1BFEA-8C4E-43E1-8D04-D398F239F867}.Release|x64.Build.0 = Release|Any CPU
		{CDA1BFEA-8C4E-43E1-8D04-D398F239F867}.Release|x86.ActiveCfg = Release|Any CPU
		{CDA1BFEA-8C4E-43E1-8D04-D398F239F867}.Release|x86.Build.0 = Release|Any CPU
		{B856536C-56EC-4B51-B4EA-117646484612}.Debug|Any CPU.ActiveCfg = Debug|Any CPU
		{B856536C-56EC-4B51-B4EA-117646484612}.Debug|Any CPU.Build.0 = Debug|Any CPU
		{B856536C-56EC-4B51-B4EA-117646484612}.Debug|x64.ActiveCfg = Debug|Any CPU
		{B856536C-56EC-4B51-B4EA-117646484612}.Debug|x64.Build.0 = Debug|Any CPU
		{B856536C-56EC-4B51-B4EA-117646484612}.Debug|x86.ActiveCfg = Debug|Any CPU
		{B856536C-56EC-4B51-B4EA-117646484612}.Debug|x86.Build.0 = Debug|Any CPU
		{B856536C-56EC-4B51-B4EA-117646484612}.Release|Any CPU.ActiveCfg = Release|Any CPU
		{B856536C-56EC-4B51-B4EA-117646484612}.Release|Any CPU.Build.0 = Release|Any CPU
		{B856536C-56EC-4B51-B4EA-117646484612}.Release|x64.ActiveCfg = Release|Any CPU
		{B856536C-56EC-4B51-B4EA-117646484612}.Release|x64.Build.0 = Release|Any CPU
		{B856536C-56EC-4B51-B4EA-117646484612}.Release|x86.ActiveCfg = Release|Any CPU
		{B856536C-56EC-4B51-B4EA-117646484612}.Release|x86.Build.0 = Release|Any CPU
	EndGlobalSection
EndGlobal
